
Microsoft Visual Studio Solution File, Format Version 12.00
# Visual Studio Version 16
VisualStudioVersion = 16.0.35229.62
MinimumVisualStudioVersion = 10.0.40219.1
Project("{FAE04EC0-301F-11D3-BF4B-00C04F79EFBC}") = "IvanRPG", "IvanRPG\IvanRPG.csproj", "{1E74421B-18B3-4AEB-A6E2-F1B1BF715EF6}"
EndProject
Global
	GlobalSection(SolutionConfigurationPlatforms) = preSolution
		Debug|Any CPU = Debug|Any CPU
		Release|Any CPU = Release|Any CPU
	EndGlobalSection
	GlobalSection(ProjectConfigurationPlatforms) = postSolution
		{1E74421B-18B3-4AEB-A6E2-F1B1BF715EF6}.Debug|Any CPU.ActiveCfg = Debug|Any CPU
		{1E74421B-18B3-4AEB-A6E2-F1B1BF715EF6}.Debug|Any CPU.Build.0 = Debug|Any CPU
		{1E74421B-18B3-4AEB-A6E2-F1B1BF715EF6}.Release|Any CPU.ActiveCfg = Release|Any CPU
		{1E74421B-18B3-4AEB-A6E2-F1B1BF715EF6}.Release|Any CPU.Build.0 = Release|Any CPU
	EndGlobalSection
	GlobalSection(SolutionProperties) = preSolution
		HideSolutionNode = FALSE
	EndGlobalSection
	GlobalSection(ExtensibilityGlobals) = postSolution
		SolutionGuid = {7B3A343B-D011-4C1A-96DF-6AFF4F442380}
	EndGlobalSection
EndGlobal
